
Microsoft Visual Studio Solution File, Format Version 12.00
# Visual Studio Version 17
VisualStudioVersion = 17.14.36915.13 d17.14
MinimumVisualStudioVersion = 10.0.40219.1
Project("{FAE04EC0-301F-11D3-BF4B-00C04F79EFBC}") = "WindowsFormsApp1", "WindowsFormsApp1\WindowsFormsApp1.csproj", "{BB67AC81-FB3D-47B9-B15C-E78F314902EE}"
EndProject
Global
	GlobalSection(SolutionConfigurationPlatforms) = preSolution
		Debug|Any CPU = Debug|Any CPU
		Release|Any CPU = Release|Any CPU
	EndGlobalSection
	GlobalSection(ProjectConfigurationPlatforms) = postSolution
		{BB67AC81-FB3D-47B9-B15C-E78F314902EE}.Debug|Any CPU.ActiveCfg = Debug|Any CPU
		{BB67AC81-FB3D-47B9-B15C-E78F314902EE}.Debug|Any CPU.Build.0 = Debug|Any CPU
		{BB67AC81-FB3D-47B9-B15C-E78F314902EE}.Release|Any CPU.ActiveCfg = Release|Any CPU
		{BB67AC81-FB3D-47B9-B15C-E78F314902EE}.Release|Any CPU.Build.0 = Release|Any CPU
	EndGlobalSection
	GlobalSection(SolutionProperties) = preSolution
		HideSolutionNode = FALSE
	EndGlobalSection
	GlobalSection(ExtensibilityGlobals) = postSolution
		SolutionGuid = {52D85ACF-58CE-4849-A846-8E040330A7AE}
	EndGlobalSection
EndGlobal
